// !$*UTF8*$!
{
	archiveVersion = 1;
	classes = {
	};
	objectVersion = 55;
	objects = {

/* Begin PBXBuildFile section */
		CE82F690286C8A8F0068B20B /* Card.swift in Sources */ = {isa = PBXBuildFile; fileRef = CE82F68F286C8A8F0068B20B /* Card.swift */; };
		CE82F692286C8B6F0068B20B /* Character.swift in Sources */ = {isa = PBXBuildFile; fileRef = CE82F691286C8B6F0068B20B /* Character.swift */; };
		CE82F694286C8BA40068B20B /* Card.Category.swift in Sources */ = {isa = PBXBuildFile; fileRef = CE82F693286C8BA40068B20B /* Card.Category.swift */; };
		CE82F696286C8BD10068B20B /* Card.ID.swift in Sources */ = {isa = PBXBuildFile; fileRef = CE82F695286C8BD10068B20B /* Card.ID.swift */; };
		CE82F698286C8D010068B20B /* Card.Effect.swift in Sources */ = {isa = PBXBuildFile; fileRef = CE82F697286C8D010068B20B /* Card.Effect.swift */; };
		CE82F69A286C96220068B20B /* Card.Requirement.swift in Sources */ = {isa = PBXBuildFile; fileRef = CE82F699286C96220068B20B /* Card.Requirement.swift */; };
		CE82F69C286C96930068B20B /* Organisation.swift in Sources */ = {isa = PBXBuildFile; fileRef = CE82F69B286C96930068B20B /* Organisation.swift */; };
		CE82F69E286C96E20068B20B /* Country.swift in Sources */ = {isa = PBXBuildFile; fileRef = CE82F69D286C96E20068B20B /* Country.swift */; };
		CE82F6A0286C982B0068B20B /* Location.swift in Sources */ = {isa = PBXBuildFile; fileRef = CE82F69F286C982B0068B20B /* Location.swift */; };
		CE8521A128538DF7005D0BCD /* Board.Card.swift in Sources */ = {isa = PBXBuildFile; fileRef = CE8521A028538DF7005D0BCD /* Board.Card.swift */; };
		CE8521A32853A31D005D0BCD /* Cards.xcassets in Resources */ = {isa = PBXBuildFile; fileRef = CE8521A22853A31D005D0BCD /* Cards.xcassets */; };
		CED5481A28534A3900DBC4F2 /* App.swift in Sources */ = {isa = PBXBuildFile; fileRef = CED5481928534A3900DBC4F2 /* App.swift */; };
		CED5481E28534A3900DBC4F2 /* Assets.xcassets in Resources */ = {isa = PBXBuildFile; fileRef = CED5481D28534A3900DBC4F2 /* Assets.xcassets */; };
		CED548272853518D00DBC4F2 /* Launch Screen.storyboard in Resources */ = {isa = PBXBuildFile; fileRef = CED548262853518D00DBC4F2 /* Launch Screen.storyboard */; };
		CED54829285351F900DBC4F2 /* Board.swift in Sources */ = {isa = PBXBuildFile; fileRef = CED54828285351F900DBC4F2 /* Board.swift */; };
		CED5482B285355A600DBC4F2 /* Board.Control.swift in Sources */ = {isa = PBXBuildFile; fileRef = CED5482A285355A600DBC4F2 /* Board.Control.swift */; };
/* End PBXBuildFile section */

/* Begin PBXFileReference section */
		CE82F68F286C8A8F0068B20B /* Card.swift */ = {isa = PBXFileReference; lastKnownFileType = sourcecode.swift; path = Card.swift; sourceTree = "<group>"; };
		CE82F691286C8B6F0068B20B /* Character.swift */ = {isa = PBXFileReference; lastKnownFileType = sourcecode.swift; path = Character.swift; sourceTree = "<group>"; };
		CE82F693286C8BA40068B20B /* Card.Category.swift */ = {isa = PBXFileReference; lastKnownFileType = sourcecode.swift; path = Card.Category.swift; sourceTree = "<group>"; };
		CE82F695286C8BD10068B20B /* Card.ID.swift */ = {isa = PBXFileReference; lastKnownFileType = sourcecode.swift; path = Card.ID.swift; sourceTree = "<group>"; };
		CE82F697286C8D010068B20B /* Card.Effect.swift */ = {isa = PBXFileReference; lastKnownFileType = sourcecode.swift; path = Card.Effect.swift; sourceTree = "<group>"; };
		CE82F699286C96220068B20B /* Card.Requirement.swift */ = {isa = PBXFileReference; lastKnownFileType = sourcecode.swift; path = Card.Requirement.swift; sourceTree = "<group>"; };
		CE82F69B286C96930068B20B /* Organisation.swift */ = {isa = PBXFileReference; lastKnownFileType = sourcecode.swift; path = Organisation.swift; sourceTree = "<group>"; };
		CE82F69D286C96E20068B20B /* Country.swift */ = {isa = PBXFileReference; lastKnownFileType = sourcecode.swift; path = Country.swift; sourceTree = "<group>"; };
		CE82F69F286C982B0068B20B /* Location.swift */ = {isa = PBXFileReference; lastKnownFileType = sourcecode.swift; path = Location.swift; sourceTree = "<group>"; };
		CE8521A028538DF7005D0BCD /* Board.Card.swift */ = {isa = PBXFileReference; lastKnownFileType = sourcecode.swift; path = Board.Card.swift; sourceTree = "<group>"; };
		CE8521A22853A31D005D0BCD /* Cards.xcassets */ = {isa = PBXFileReference; lastKnownFileType = folder.assetcatalog; path = Cards.xcassets; sourceTree = "<group>"; };
		CED5481628534A3800DBC4F2 /* From the Cold.app */ = {isa = PBXFileReference; explicitFileType = wrapper.application; includeInIndex = 0; path = "From the Cold.app"; sourceTree = BUILT_PRODUCTS_DIR; };
		CED5481928534A3900DBC4F2 /* App.swift */ = {isa = PBXFileReference; lastKnownFileType = sourcecode.swift; path = App.swift; sourceTree = "<group>"; };
		CED5481D28534A3900DBC4F2 /* Assets.xcassets */ = {isa = PBXFileReference; lastKnownFileType = folder.assetcatalog; path = Assets.xcassets; sourceTree = "<group>"; };
		CED5482528534E9B00DBC4F2 /* Info.plist */ = {isa = PBXFileReference; lastKnownFileType = text.plist; path = Info.plist; sourceTree = "<group>"; };
		CED548262853518D00DBC4F2 /* Launch Screen.storyboard */ = {isa = PBXFileReference; lastKnownFileType = file.storyboard; name = "Launch Screen.storyboard"; path = "../../cold/iOS/Launch Screen.storyboard"; sourceTree = "<group>"; };
		CED54828285351F900DBC4F2 /* Board.swift */ = {isa = PBXFileReference; lastKnownFileType = sourcecode.swift; name = Board.swift; path = ../../cold/iOS/Board.swift; sourceTree = "<group>"; };
		CED5482A285355A600DBC4F2 /* Board.Control.swift */ = {isa = PBXFileReference; lastKnownFileType = sourcecode.swift; name = Board.Control.swift; path = ../../cold/iOS/Board.Control.swift; sourceTree = "<group>"; };
/* End PBXFileReference section */

/* Begin PBXFrameworksBuildPhase section */
		CED5481328534A3800DBC4F2 /* Frameworks */ = {
			isa = PBXFrameworksBuildPhase;
			buildActionMask = 2147483647;
			files = (
			);
			runOnlyForDeploymentPostprocessing = 0;
		};
/* End PBXFrameworksBuildPhase section */

/* Begin PBXGroup section */
		CE693FAF28534A0700502B84 = {
			isa = PBXGroup;
			children = (
				CED5481828534A3900DBC4F2 /* iOS */,
				CED5481728534A3800DBC4F2 /* Products */,
			);
			sourceTree = "<group>";
		};
		CED5481728534A3800DBC4F2 /* Products */ = {
			isa = PBXGroup;
			children = (
				CED5481628534A3800DBC4F2 /* From the Cold.app */,
			);
			name = Products;
			sourceTree = "<group>";
		};
		CED5481828534A3900DBC4F2 /* iOS */ = {
			isa = PBXGroup;
			children = (
				CED5482528534E9B00DBC4F2 /* Info.plist */,
				CED548262853518D00DBC4F2 /* Launch Screen.storyboard */,
				CED5481928534A3900DBC4F2 /* App.swift */,
				CE8521A028538DF7005D0BCD /* Board.Card.swift */,
				CED5482A285355A600DBC4F2 /* Board.Control.swift */,
				CED54828285351F900DBC4F2 /* Board.swift */,
				CE82F693286C8BA40068B20B /* Card.Category.swift */,
				CE82F697286C8D010068B20B /* Card.Effect.swift */,
				CE82F695286C8BD10068B20B /* Card.ID.swift */,
				CE82F699286C96220068B20B /* Card.Requirement.swift */,
				CE82F68F286C8A8F0068B20B /* Card.swift */,
				CE82F691286C8B6F0068B20B /* Character.swift */,
				CE82F69D286C96E20068B20B /* Country.swift */,
				CE82F69F286C982B0068B20B /* Location.swift */,
				CE82F69B286C96930068B20B /* Organisation.swift */,
				CED5481D28534A3900DBC4F2 /* Assets.xcassets */,
				CE8521A22853A31D005D0BCD /* Cards.xcassets */,
			);
			path = iOS;
			sourceTree = "<group>";
		};
/* End PBXGroup section */

/* Begin PBXNativeTarget section */
		CED5481528534A3800DBC4F2 /* iOS */ = {
			isa = PBXNativeTarget;
			buildConfigurationList = CED5482428534A3900DBC4F2 /* Build configuration list for PBXNativeTarget "iOS" */;
			buildPhases = (
				CED5481228534A3800DBC4F2 /* Sources */,
				CED5481328534A3800DBC4F2 /* Frameworks */,
				CED5481428534A3800DBC4F2 /* Resources */,
			);
			buildRules = (
			);
			dependencies = (
			);
			name = iOS;
			productName = iOS;
			productReference = CED5481628534A3800DBC4F2 /* From the Cold.app */;
			productType = "com.apple.product-type.application";
		};
/* End PBXNativeTarget section */

/* Begin PBXProject section */
		CE693FB028534A0700502B84 /* Project object */ = {
			isa = PBXProject;
			attributes = {
				BuildIndependentTargetsInParallel = 1;
				LastSwiftUpdateCheck = 1340;
				LastUpgradeCheck = 1340;
				TargetAttributes = {
					CED5481528534A3800DBC4F2 = {
						CreatedOnToolsVersion = 13.4.1;
					};
				};
			};
			buildConfigurationList = CE693FB328534A0700502B84 /* Build configuration list for PBXProject "Cold" */;
			compatibilityVersion = "Xcode 13.0";
			developmentRegion = en;
			hasScannedForEncodings = 0;
			knownRegions = (
				en,
				Base,
			);
			mainGroup = CE693FAF28534A0700502B84;
			productRefGroup = CED5481728534A3800DBC4F2 /* Products */;
			projectDirPath = "";
			projectRoot = "";
			targets = (
				CED5481528534A3800DBC4F2 /* iOS */,
			);
		};
/* End PBXProject section */

/* Begin PBXResourcesBuildPhase section */
		CED5481428534A3800DBC4F2 /* Resources */ = {
			isa = PBXResourcesBuildPhase;
			buildActionMask = 2147483647;
			files = (
				CED548272853518D00DBC4F2 /* Launch Screen.storyboard in Resources */,
				CE8521A32853A31D005D0BCD /* Cards.xcassets in Resources */,
				CED5481E28534A3900DBC4F2 /* Assets.xcassets in Resources */,
			);
			runOnlyForDeploymentPostprocessing = 0;
		};
/* End PBXResourcesBuildPhase section */

/* Begin PBXSourcesBuildPhase section */
		CED5481228534A3800DBC4F2 /* Sources */ = {
			isa = PBXSourcesBuildPhase;
			buildActionMask = 2147483647;
			files = (
				CE82F694286C8BA40068B20B /* Card.Category.swift in Sources */,
				CED5482B285355A600DBC4F2 /* Board.Control.swift in Sources */,
				CE82F69A286C96220068B20B /* Card.Requirement.swift in Sources */,
				CED54829285351F900DBC4F2 /* Board.swift in Sources */,
				CE82F690286C8A8F0068B20B /* Card.swift in Sources */,
				CE82F698286C8D010068B20B /* Card.Effect.swift in Sources */,
				CE82F6A0286C982B0068B20B /* Location.swift in Sources */,
				CE82F692286C8B6F0068B20B /* Character.swift in Sources */,
				CE82F69C286C96930068B20B /* Organisation.swift in Sources */,
				CE82F696286C8BD10068B20B /* Card.ID.swift in Sources */,
				CE82F69E286C96E20068B20B /* Country.swift in Sources */,
				CED5481A28534A3900DBC4F2 /* App.swift in Sources */,
				CE8521A128538DF7005D0BCD /* Board.Card.swift in Sources */,
			);
			runOnlyForDeploymentPostprocessing = 0;
		};
/* End PBXSourcesBuildPhase section */

/* Begin XCBuildConfiguration section */
		CE693FB428534A0700502B84 /* Debug */ = {
			isa = XCBuildConfiguration;
			buildSettings = {
				CLANG_ENABLE_MODULES = YES;
				CURRENT_PROJECT_VERSION = "$(MARKETING_VERSION)";
				DEBUG_INFORMATION_FORMAT = dwarf;
				ENABLE_BITCODE = NO;
				GCC_OPTIMIZATION_LEVEL = 0;
				IPHONEOS_DEPLOYMENT_TARGET = 15.0;
				MACOSX_DEPLOYMENT_TARGET = 12.0;
				MARKETING_VERSION = 1;
				PRODUCT_MODULE_NAME = Cold;
				PRODUCT_NAME = "From the Cold";
				SWIFT_INSTALL_OBJC_HEADER = NO;
				SWIFT_OPTIMIZATION_LEVEL = "-Onone";
				SWIFT_OPTIMIZE_OBJECT_LIFETIME = YES;
				SWIFT_VERSION = 5.0;
				TVOS_DEPLOYMENT_TARGET = 15.0;
				WATCHOS_DEPLOYMENT_TARGET = 8.0;
			};
			name = Debug;
		};
		CE693FB528534A0700502B84 /* Release */ = {
			isa = XCBuildConfiguration;
			buildSettings = {
				CLANG_ENABLE_MODULES = YES;
				CURRENT_PROJECT_VERSION = "$(MARKETING_VERSION)";
				DEBUG_INFORMATION_FORMAT = "dwarf-with-dsym";
				ENABLE_BITCODE = YES;
				GCC_OPTIMIZATION_LEVEL = fast;
				IPHONEOS_DEPLOYMENT_TARGET = 15.0;
				MACOSX_DEPLOYMENT_TARGET = 12.0;
				MARKETING_VERSION = 1;
				PRODUCT_MODULE_NAME = Cold;
				PRODUCT_NAME = "From the Cold";
				SWIFT_COMPILATION_MODE = wholemodule;
				SWIFT_INSTALL_OBJC_HEADER = NO;
				SWIFT_OPTIMIZE_OBJECT_LIFETIME = YES;
				SWIFT_VERSION = 5.0;
				TVOS_DEPLOYMENT_TARGET = 15.0;
				WATCHOS_DEPLOYMENT_TARGET = 8.0;
			};
			name = Release;
		};
		CED5482228534A3900DBC4F2 /* Debug */ = {
			isa = XCBuildConfiguration;
			buildSettings = {
				ALWAYS_SEARCH_USER_PATHS = NO;
				ASSETCATALOG_COMPILER_APPICON_NAME = AppIcon;
				ASSETCATALOG_COMPILER_GLOBAL_ACCENT_COLOR_NAME = AccentColor;
				ASSETCATALOG_COMPILER_INCLUDE_ALL_APPICON_ASSETS = YES;
				CLANG_ANALYZER_NONNULL = YES;
				CLANG_ANALYZER_NUMBER_OBJECT_CONVERSION = YES_AGGRESSIVE;
				CLANG_CXX_LANGUAGE_STANDARD = "gnu++17";
				CLANG_ENABLE_OBJC_ARC = YES;
				CLANG_ENABLE_OBJC_WEAK = YES;
				CLANG_WARN_BLOCK_CAPTURE_AUTORELEASING = YES;
				CLANG_WARN_BOOL_CONVERSION = YES;
				CLANG_WARN_COMMA = YES;
				CLANG_WARN_CONSTANT_CONVERSION = YES;
				CLANG_WARN_DEPRECATED_OBJC_IMPLEMENTATIONS = YES;
				CLANG_WARN_DIRECT_OBJC_ISA_USAGE = YES_ERROR;
				CLANG_WARN_DOCUMENTATION_COMMENTS = YES;
				CLANG_WARN_EMPTY_BODY = YES;
				CLANG_WARN_ENUM_CONVERSION = YES;
				CLANG_WARN_INFINITE_RECURSION = YES;
				CLANG_WARN_INT_CONVERSION = YES;
				CLANG_WARN_NON_LITERAL_NULL_CONVERSION = YES;
				CLANG_WARN_OBJC_IMPLICIT_RETAIN_SELF = YES;
				CLANG_WARN_OBJC_LITERAL_CONVERSION = YES;
				CLANG_WARN_OBJC_ROOT_CLASS = YES_ERROR;
				CLANG_WARN_QUOTED_INCLUDE_IN_FRAMEWORK_HEADER = YES;
				CLANG_WARN_RANGE_LOOP_ANALYSIS = YES;
				CLANG_WARN_STRICT_PROTOTYPES = YES;
				CLANG_WARN_SUSPICIOUS_MOVE = YES;
				CLANG_WARN_UNGUARDED_AVAILABILITY = YES_AGGRESSIVE;
				CLANG_WARN_UNREACHABLE_CODE = YES;
				CLANG_WARN__DUPLICATE_METHOD_MATCH = YES;
				CODE_SIGN_STYLE = Automatic;
				COPY_PHASE_STRIP = NO;
				DEVELOPMENT_ASSET_PATHS = "";
				DEVELOPMENT_TEAM = 7AMWG3RLHN;
				ENABLE_STRICT_OBJC_MSGSEND = YES;
				ENABLE_TESTABILITY = YES;
				GCC_C_LANGUAGE_STANDARD = gnu11;
				GCC_DYNAMIC_NO_PIC = NO;
				GCC_NO_COMMON_BLOCKS = YES;
				GCC_PREPROCESSOR_DEFINITIONS = (
					"DEBUG=1",
					"$(inherited)",
				);
				GCC_WARN_64_TO_32_BIT_CONVERSION = YES;
				GCC_WARN_ABOUT_RETURN_TYPE = YES_ERROR;
				GCC_WARN_UNDECLARED_SELECTOR = YES;
				GCC_WARN_UNINITIALIZED_AUTOS = YES_AGGRESSIVE;
				GCC_WARN_UNUSED_FUNCTION = YES;
				GCC_WARN_UNUSED_VARIABLE = YES;
				GENERATE_INFOPLIST_FILE = YES;
				INFOPLIST_FILE = iOS/Info.plist;
				INFOPLIST_KEY_CFBundleDisplayName = "From the Cold";
				INFOPLIST_KEY_UIApplicationSupportsIndirectInputEvents = YES;
				INFOPLIST_KEY_UILaunchStoryboardName = "Launch Screen";
				INFOPLIST_KEY_UIRequiresFullScreen = YES;
				INFOPLIST_KEY_UIStatusBarHidden = YES;
				INFOPLIST_KEY_UISupportedInterfaceOrientations = UIInterfaceOrientationPortrait;
				INFOPLIST_KEY_UISupportedInterfaceOrientations_iPad = "UIInterfaceOrientationPortrait UIInterfaceOrientationPortraitUpsideDown";
				INFOPLIST_KEY_UISupportedInterfaceOrientations_iPhone = UIInterfaceOrientationPortrait;
				LD_RUNPATH_SEARCH_PATHS = (
					"$(inherited)",
					"@executable_path/Frameworks",
				);
				MTL_ENABLE_DEBUG_INFO = INCLUDE_SOURCE;
				MTL_FAST_MATH = YES;
				ONLY_ACTIVE_ARCH = YES;
				PRODUCT_BUNDLE_IDENTIFIER = cold;
				SDKROOT = iphoneos;
				SWIFT_ACTIVE_COMPILATION_CONDITIONS = DEBUG;
				SWIFT_EMIT_LOC_STRINGS = YES;
				TARGETED_DEVICE_FAMILY = "1,2";
			};
			name = Debug;
		};
		CED5482328534A3900DBC4F2 /* Release */ = {
			isa = XCBuildConfiguration;
			buildSettings = {
				ALWAYS_SEARCH_USER_PATHS = NO;
				ASSETCATALOG_COMPILER_APPICON_NAME = AppIcon;
				ASSETCATALOG_COMPILER_GLOBAL_ACCENT_COLOR_NAME = AccentColor;
				ASSETCATALOG_COMPILER_INCLUDE_ALL_APPICON_ASSETS = YES;
				CLANG_ANALYZER_NONNULL = YES;
				CLANG_ANALYZER_NUMBER_OBJECT_CONVERSION = YES_AGGRESSIVE;
				CLANG_CXX_LANGUAGE_STANDARD = "gnu++17";
				CLANG_ENABLE_OBJC_ARC = YES;
				CLANG_ENABLE_OBJC_WEAK = YES;
				CLANG_WARN_BLOCK_CAPTURE_AUTORELEASING = YES;
				CLANG_WARN_BOOL_CONVERSION = YES;
				CLANG_WARN_COMMA = YES;
				CLANG_WARN_CONSTANT_CONVERSION = YES;
				CLANG_WARN_DEPRECATED_OBJC_IMPLEMENTATIONS = YES;
				CLANG_WARN_DIRECT_OBJC_ISA_USAGE = YES_ERROR;
				CLANG_WARN_DOCUMENTATION_COMMENTS = YES;
				CLANG_WARN_EMPTY_BODY = YES;
				CLANG_WARN_ENUM_CONVERSION = YES;
				CLANG_WARN_INFINITE_RECURSION = YES;
				CLANG_WARN_INT_CONVERSION = YES;
				CLANG_WARN_NON_LITERAL_NULL_CONVERSION = YES;
				CLANG_WARN_OBJC_IMPLICIT_RETAIN_SELF = YES;
				CLANG_WARN_OBJC_LITERAL_CONVERSION = YES;
				CLANG_WARN_OBJC_ROOT_CLASS = YES_ERROR;
				CLANG_WARN_QUOTED_INCLUDE_IN_FRAMEWORK_HEADER = YES;
				CLANG_WARN_RANGE_LOOP_ANALYSIS = YES;
				CLANG_WARN_STRICT_PROTOTYPES = YES;
				CLANG_WARN_SUSPICIOUS_MOVE = YES;
				CLANG_WARN_UNGUARDED_AVAILABILITY = YES_AGGRESSIVE;
				CLANG_WARN_UNREACHABLE_CODE = YES;
				CLANG_WARN__DUPLICATE_METHOD_MATCH = YES;
				CODE_SIGN_STYLE = Automatic;
				COPY_PHASE_STRIP = NO;
				DEVELOPMENT_ASSET_PATHS = "";
				DEVELOPMENT_TEAM = 7AMWG3RLHN;
				ENABLE_NS_ASSERTIONS = NO;
				ENABLE_STRICT_OBJC_MSGSEND = YES;
				GCC_C_LANGUAGE_STANDARD = gnu11;
				GCC_NO_COMMON_BLOCKS = YES;
				GCC_WARN_64_TO_32_BIT_CONVERSION = YES;
				GCC_WARN_ABOUT_RETURN_TYPE = YES_ERROR;
				GCC_WARN_UNDECLARED_SELECTOR = YES;
				GCC_WARN_UNINITIALIZED_AUTOS = YES_AGGRESSIVE;
				GCC_WARN_UNUSED_FUNCTION = YES;
				GCC_WARN_UNUSED_VARIABLE = YES;
				GENERATE_INFOPLIST_FILE = YES;
				INFOPLIST_FILE = iOS/Info.plist;
				INFOPLIST_KEY_CFBundleDisplayName = "From the Cold";
				INFOPLIST_KEY_UIApplicationSupportsIndirectInputEvents = YES;
				INFOPLIST_KEY_UILaunchStoryboardName = "Launch Screen";
				INFOPLIST_KEY_UIRequiresFullScreen = YES;
				INFOPLIST_KEY_UIStatusBarHidden = YES;
				INFOPLIST_KEY_UISupportedInterfaceOrientations = UIInterfaceOrientationPortrait;
				INFOPLIST_KEY_UISupportedInterfaceOrientations_iPad = "UIInterfaceOrientationPortrait UIInterfaceOrientationPortraitUpsideDown";
				INFOPLIST_KEY_UISupportedInterfaceOrientations_iPhone = UIInterfaceOrientationPortrait;
				LD_RUNPATH_SEARCH_PATHS = (
					"$(inherited)",
					"@executable_path/Frameworks",
				);
				MTL_ENABLE_DEBUG_INFO = NO;
				MTL_FAST_MATH = YES;
				PRODUCT_BUNDLE_IDENTIFIER = cold;
				SDKROOT = iphoneos;
				SWIFT_EMIT_LOC_STRINGS = YES;
				TARGETED_DEVICE_FAMILY = "1,2";
				VALIDATE_PRODUCT = YES;
			};
			name = Release;
		};
/* End XCBuildConfiguration section */

/* Begin XCConfigurationList section */
		CE693FB328534A0700502B84 /* Build configuration list for PBXProject "Cold" */ = {
			isa = XCConfigurationList;
			buildConfigurations = (
				CE693FB428534A0700502B84 /* Debug */,
				CE693FB528534A0700502B84 /* Release */,
			);
			defaultConfigurationIsVisible = 0;
			defaultConfigurationName = Release;
		};
		CED5482428534A3900DBC4F2 /* Build configuration list for PBXNativeTarget "iOS" */ = {
			isa = XCConfigurationList;
			buildConfigurations = (
				CED5482228534A3900DBC4F2 /* Debug */,
				CED5482328534A3900DBC4F2 /* Release */,
			);
			defaultConfigurationIsVisible = 0;
			defaultConfigurationName = Release;
		};
/* End XCConfigurationList section */
	};
	rootObject = CE693FB028534A0700502B84 /* Project object */;
}
